// !$*UTF8*$!
{
	archiveVersion = 1;
	classes = {
	};
	objectVersion = 56;
	objects = {

/* Begin PBXBuildFile section */
		A55108852ADCF72800A95894 /* AppDelegate.swift in Sources */ = {isa = PBXBuildFile; fileRef = A55108842ADCF72800A95894 /* AppDelegate.swift */; };
		A55108872ADCF72800A95894 /* SceneDelegate.swift in Sources */ = {isa = PBXBuildFile; fileRef = A55108862ADCF72800A95894 /* SceneDelegate.swift */; };
		A55108892ADCF72800A95894 /* ViewController.swift in Sources */ = {isa = PBXBuildFile; fileRef = A55108882ADCF72800A95894 /* ViewController.swift */; };
		A551088C2ADCF72800A95894 /* Main.storyboard in Resources */ = {isa = PBXBuildFile; fileRef = A551088A2ADCF72800A95894 /* Main.storyboard */; };
		A551088F2ADCF72800A95894 /* MapArtBook1610.xcdatamodeld in Sources */ = {isa = PBXBuildFile; fileRef = A551088D2ADCF72800A95894 /* MapArtBook1610.xcdatamodeld */; };
		A55108912ADCF72A00A95894 /* Assets.xcassets in Resources */ = {isa = PBXBuildFile; fileRef = A55108902ADCF72A00A95894 /* Assets.xcassets */; };
		A55108942ADCF72A00A95894 /* LaunchScreen.storyboard in Resources */ = {isa = PBXBuildFile; fileRef = A55108922ADCF72A00A95894 /* LaunchScreen.storyboard */; };
		A551089C2ADD33D100A95894 /* ListViewController.swift in Sources */ = {isa = PBXBuildFile; fileRef = A551089B2ADD33D100A95894 /* ListViewController.swift */; };
/* End PBXBuildFile section */

/* Begin PBXFileReference section */
		A55108812ADCF72800A95894 /* MapArtBook1610.app */ = {isa = PBXFileReference; explicitFileType = wrapper.application; includeInIndex = 0; path = MapArtBook1610.app; sourceTree = BUILT_PRODUCTS_DIR; };
		A55108842ADCF72800A95894 /* AppDelegate.swift */ = {isa = PBXFileReference; lastKnownFileType = sourcecode.swift; path = AppDelegate.swift; sourceTree = "<group>"; };
		A55108862ADCF72800A95894 /* SceneDelegate.swift */ = {isa = PBXFileReference; lastKnownFileType = sourcecode.swift; path = SceneDelegate.swift; sourceTree = "<group>"; };
		A55108882ADCF72800A95894 /* ViewController.swift */ = {isa = PBXFileReference; lastKnownFileType = sourcecode.swift; path = ViewController.swift; sourceTree = "<group>"; };
		A551088B2ADCF72800A95894 /* Base */ = {isa = PBXFileReference; lastKnownFileType = file.storyboard; name = Base; path = Base.lproj/Main.storyboard; sourceTree = "<group>"; };
		A551088E2ADCF72800A95894 /* MapArtBook1610.xcdatamodel */ = {isa = PBXFileReference; lastKnownFileType = wrapper.xcdatamodel; path = MapArtBook1610.xcdatamodel; sourceTree = "<group>"; };
		A55108902ADCF72A00A95894 /* Assets.xcassets */ = {isa = PBXFileReference; lastKnownFileType = folder.assetcatalog; path = Assets.xcassets; sourceTree = "<group>"; };
		A55108932ADCF72A00A95894 /* Base */ = {isa = PBXFileReference; lastKnownFileType = file.storyboard; name = Base; path = Base.lproj/LaunchScreen.storyboard; sourceTree = "<group>"; };
		A55108952ADCF72A00A95894 /* Info.plist */ = {isa = PBXFileReference; lastKnownFileType = text.plist.xml; path = Info.plist; sourceTree = "<group>"; };
		A551089B2ADD33D100A95894 /* ListViewController.swift */ = {isa = PBXFileReference; lastKnownFileType = sourcecode.swift; path = ListViewController.swift; sourceTree = "<group>"; };
/* End PBXFileReference section */

/* Begin PBXFrameworksBuildPhase section */
		A551087E2ADCF72800A95894 /* Frameworks */ = {
			isa = PBXFrameworksBuildPhase;
			buildActionMask = 2147483647;
			files = (
			);
			runOnlyForDeploymentPostprocessing = 0;
		};
/* End PBXFrameworksBuildPhase section */

/* Begin PBXGroup section */
		A55108782ADCF72800A95894 = {
			isa = PBXGroup;
			children = (
				A55108832ADCF72800A95894 /* MapArtBook1610 */,
				A55108822ADCF72800A95894 /* Products */,
			);
			sourceTree = "<group>";
		};
		A55108822ADCF72800A95894 /* Products */ = {
			isa = PBXGroup;
			children = (
				A55108812ADCF72800A95894 /* MapArtBook1610.app */,
			);
			name = Products;
			sourceTree = "<group>";
		};
		A55108832ADCF72800A95894 /* MapArtBook1610 */ = {
			isa = PBXGroup;
			children = (
				A55108842ADCF72800A95894 /* AppDelegate.swift */,
				A55108862ADCF72800A95894 /* SceneDelegate.swift */,
				A55108882ADCF72800A95894 /* ViewController.swift */,
				A551088A2ADCF72800A95894 /* Main.storyboard */,
				A55108902ADCF72A00A95894 /* Assets.xcassets */,
				A55108922ADCF72A00A95894 /* LaunchScreen.storyboard */,
				A55108952ADCF72A00A95894 /* Info.plist */,
				A551088D2ADCF72800A95894 /* MapArtBook1610.xcdatamodeld */,
				A551089B2ADD33D100A95894 /* ListViewController.swift */,
			);
			path = MapArtBook1610;
			sourceTree = "<group>";
		};
/* End PBXGroup section */

/* Begin PBXNativeTarget section */
		A55108802ADCF72800A95894 /* MapArtBook1610 */ = {
			isa = PBXNativeTarget;
			buildConfigurationList = A55108982ADCF72A00A95894 /* Build configuration list for PBXNativeTarget "MapArtBook1610" */;
			buildPhases = (
				A551087D2ADCF72800A95894 /* Sources */,
				A551087E2ADCF72800A95894 /* Frameworks */,
				A551087F2ADCF72800A95894 /* Resources */,
			);
			buildRules = (
			);
			dependencies = (
			);
			name = MapArtBook1610;
			productName = MapArtBook1610;
			productReference = A55108812ADCF72800A95894 /* MapArtBook1610.app */;
			productType = "com.apple.product-type.application";
		};
/* End PBXNativeTarget section */

/* Begin PBXProject section */
		A55108792ADCF72800A95894 /* Project object */ = {
			isa = PBXProject;
			attributes = {
				BuildIndependentTargetsInParallel = 1;
				LastSwiftUpdateCheck = 1500;
				LastUpgradeCheck = 1500;
				TargetAttributes = {
					A55108802ADCF72800A95894 = {
						CreatedOnToolsVersion = 15.0;
					};
				};
			};
			buildConfigurationList = A551087C2ADCF72800A95894 /* Build configuration list for PBXProject "MapArtBook1610" */;
			compatibilityVersion = "Xcode 14.0";
			developmentRegion = en;
			hasScannedForEncodings = 0;
			knownRegions = (
				en,
				Base,
			);
			mainGroup = A55108782ADCF72800A95894;
			productRefGroup = A55108822ADCF72800A95894 /* Products */;
			projectDirPath = "";
			projectRoot = "";
			targets = (
				A55108802ADCF72800A95894 /* MapArtBook1610 */,
			);
		};
/* End PBXProject section */

/* Begin PBXResourcesBuildPhase section */
		A551087F2ADCF72800A95894 /* Resources */ = {
			isa = PBXResourcesBuildPhase;
			buildActionMask = 2147483647;
			files = (
				A55108942ADCF72A00A95894 /* LaunchScreen.storyboard in Resources */,
				A55108912ADCF72A00A95894 /* Assets.xcassets in Resources */,
				A551088C2ADCF72800A95894 /* Main.storyboard in Resources */,
			);
			runOnlyForDeploymentPostprocessing = 0;
		};
/* End PBXResourcesBuildPhase section */

/* Begin PBXSourcesBuildPhase section */
		A551087D2ADCF72800A95894 /* Sources */ = {
			isa = PBXSourcesBuildPhase;
			buildActionMask = 2147483647;
			files = (
				A55108892ADCF72800A95894 /* ViewController.swift in Sources */,
				A55108852ADCF72800A95894 /* AppDelegate.swift in Sources */,
				A55108872ADCF72800A95894 /* SceneDelegate.swift in Sources */,
				A551089C2ADD33D100A95894 /* ListViewController.swift in Sources */,
				A551088F2ADCF72800A95894 /* MapArtBook1610.xcdatamodeld in Sources */,
			);
			runOnlyForDeploymentPostprocessing = 0;
		};
/* End PBXSourcesBuildPhase section */

/* Begin PBXVariantGroup section */
		A551088A2ADCF72800A95894 /* Main.storyboard */ = {
			isa = PBXVariantGroup;
			children = (
				A551088B2ADCF72800A95894 /* Base */,
			);
			name = Main.storyboard;
			sourceTree = "<group>";
		};
		A55108922ADCF72A00A95894 /* LaunchScreen.storyboard */ = {
			isa = PBXVariantGroup;
			children = (
				A55108932ADCF72A00A95894 /* Base */,
			);
			name = LaunchScreen.storyboard;
			sourceTree = "<group>";
		};
/* End PBXVariantGroup section */

/* Begin XCBuildConfiguration section */
		A55108962ADCF72A00A95894 /* Debug */ = {
			isa = XCBuildConfiguration;
			buildSettings = {
				ALWAYS_SEARCH_USER_PATHS = NO;
				ASSETCATALOG_COMPILER_GENERATE_SWIFT_ASSET_SYMBOL_EXTENSIONS = YES;
				CLANG_ANALYZER_NONNULL = YES;
				CLANG_ANALYZER_NUMBER_OBJECT_CONVERSION = YES_AGGRESSIVE;
				CLANG_CXX_LANGUAGE_STANDARD = "gnu++20";
				CLANG_ENABLE_MODULES = YES;
				CLANG_ENABLE_OBJC_ARC = YES;
				CLANG_ENABLE_OBJC_WEAK = YES;
				CLANG_WARN_BLOCK_CAPTURE_AUTORELEASING = YES;
				CLANG_WARN_BOOL_CONVERSION = YES;
				CLANG_WARN_COMMA = YES;
				CLANG_WARN_CONSTANT_CONVERSION = YES;
				CLANG_WARN_DEPRECATED_OBJC_IMPLEMENTATIONS = YES;
				CLANG_WARN_DIRECT_OBJC_ISA_USAGE = YES_ERROR;
				CLANG_WARN_DOCUMENTATION_COMMENTS = YES;
				CLANG_WARN_EMPTY_BODY = YES;
				CLANG_WARN_ENUM_CONVERSION = YES;
				CLANG_WARN_INFINITE_RECURSION = YES;
				CLANG_WARN_INT_CONVERSION = YES;
				CLANG_WARN_NON_LITERAL_NULL_CONVERSION = YES;
				CLANG_WARN_OBJC_IMPLICIT_RETAIN_SELF = YES;
				CLANG_WARN_OBJC_LITERAL_CONVERSION = YES;
				CLANG_WARN_OBJC_ROOT_CLASS = YES_ERROR;
				CLANG_WARN_QUOTED_INCLUDE_IN_FRAMEWORK_HEADER = YES;
				CLANG_WARN_RANGE_LOOP_ANALYSIS = YES;
				CLANG_WARN_STRICT_PROTOTYPES = YES;
				CLANG_WARN_SUSPICIOUS_MOVE = YES;
				CLANG_WARN_UNGUARDED_AVAILABILITY = YES_AGGRESSIVE;
				CLANG_WARN_UNREACHABLE_CODE = YES;
				CLANG_WARN__DUPLICATE_METHOD_MATCH = YES;
				COPY_PHASE_STRIP = NO;
				DEBUG_INFORMATION_FORMAT = dwarf;
				ENABLE_STRICT_OBJC_MSGSEND = YES;
				ENABLE_TESTABILITY = YES;
				ENABLE_USER_SCRIPT_SANDBOXING = YES;
				GCC_C_LANGUAGE_STANDARD = gnu17;
				GCC_DYNAMIC_NO_PIC = NO;
				GCC_NO_COMMON_BLOCKS = YES;
				GCC_OPTIMIZATION_LEVEL = 0;
				GCC_PREPROCESSOR_DEFINITIONS = (
					"DEBUG=1",
					"$(inherited)",
				);
				GCC_WARN_64_TO_32_BIT_CONVERSION = YES;
				GCC_WARN_ABOUT_RETURN_TYPE = YES_ERROR;
				GCC_WARN_UNDECLARED_SELECTOR = YES;
				GCC_WARN_UNINITIALIZED_AUTOS = YES_AGGRESSIVE;
				GCC_WARN_UNUSED_FUNCTION = YES;
				GCC_WARN_UNUSED_VARIABLE = YES;
				IPHONEOS_DEPLOYMENT_TARGET = 17.0;
				LOCALIZATION_PREFERS_STRING_CATALOGS = YES;
				MTL_ENABLE_DEBUG_INFO = INCLUDE_SOURCE;
				MTL_FAST_MATH = YES;
				ONLY_ACTIVE_ARCH = YES;
				SDKROOT = iphoneos;
				SWIFT_ACTIVE_COMPILATION_CONDITIONS = "DEBUG $(inherited)";
				SWIFT_OPTIMIZATION_LEVEL = "-Onone";
			};
			name = Debug;
		};
		A55108972ADCF72A00A95894 /* Release */ = {
			isa = XCBuildConfiguration;
			buildSettings = {
				ALWAYS_SEARCH_USER_PATHS = NO;
				ASSETCATALOG_COMPILER_GENERATE_SWIFT_ASSET_SYMBOL_EXTENSIONS = YES;
				CLANG_ANALYZER_NONNULL = YES;
				CLANG_ANALYZER_NUMBER_OBJECT_CONVERSION = YES_AGGRESSIVE;
				CLANG_CXX_LANGUAGE_STANDARD = "gnu++20";
				CLANG_ENABLE_MODULES = YES;
				CLANG_ENABLE_OBJC_ARC = YES;
				CLANG_ENABLE_OBJC_WEAK = YES;
				CLANG_WARN_BLOCK_CAPTURE_AUTORELEASING = YES;
				CLANG_WARN_BOOL_CONVERSION = YES;
				CLANG_WARN_COMMA = YES;
				CLANG_WARN_CONSTANT_CONVERSION = YES;
				CLANG_WARN_DEPRECATED_OBJC_IMPLEMENTATIONS = YES;
				CLANG_WARN_DIRECT_OBJC_ISA_USAGE = YES_ERROR;
				CLANG_WARN_DOCUMENTATION_COMMENTS = YES;
				CLANG_WARN_EMPTY_BODY = YES;
				CLANG_WARN_ENUM_CONVERSION = YES;
				CLANG_WARN_INFINITE_RECURSION = YES;
				CLANG_WARN_INT_CONVERSION = YES;
				CLANG_WARN_NON_LITERAL_NULL_CONVERSION = YES;
				CLANG_WARN_OBJC_IMPLICIT_RETAIN_SELF = YES;
				CLANG_WARN_OBJC_LITERAL_CONVERSION = YES;
				CLANG_WARN_OBJC_ROOT_CLASS = YES_ERROR;
				CLANG_WARN_QUOTED_INCLUDE_IN_FRAMEWORK_HEADER = YES;
				CLANG_WARN_RANGE_LOOP_ANALYSIS = YES;
				CLANG_WARN_STRICT_PROTOTYPES = YES;
				CLANG_WARN_SUSPICIOUS_MOVE = YES;
				CLANG_WARN_UNGUARDED_AVAILABILITY = YES_AGGRESSIVE;
				CLANG_WARN_UNREACHABLE_CODE = YES;
				CLANG_WARN__DUPLICATE_METHOD_MATCH = YES;
				COPY_PHASE_STRIP = NO;
				DEBUG_INFORMATION_FORMAT = "dwarf-with-dsym";
				ENABLE_NS_ASSERTIONS = NO;
				ENABLE_STRICT_OBJC_MSGSEND = YES;
				ENABLE_USER_SCRIPT_SANDBOXING = YES;
				GCC_C_LANGUAGE_STANDARD = gnu17;
				GCC_NO_COMMON_BLOCKS = YES;
				GCC_WARN_64_TO_32_BIT_CONVERSION = YES;
				GCC_WARN_ABOUT_RETURN_TYPE = YES_ERROR;
				GCC_WARN_UNDECLARED_SELECTOR = YES;
				GCC_WARN_UNINITIALIZED_AUTOS = YES_AGGRESSIVE;
				GCC_WARN_UNUSED_FUNCTION = YES;
				GCC_WARN_UNUSED_VARIABLE = YES;
				IPHONEOS_DEPLOYMENT_TARGET = 17.0;
				LOCALIZATION_PREFERS_STRING_CATALOGS = YES;
				MTL_ENABLE_DEBUG_INFO = NO;
				MTL_FAST_MATH = YES;
				SDKROOT = iphoneos;
				SWIFT_COMPILATION_MODE = wholemodule;
				VALIDATE_PRODUCT = YES;
			};
			name = Release;
		};
		A55108992ADCF72A00A95894 /* Debug */ = {
			isa = XCBuildConfiguration;
			buildSettings = {
				ASSETCATALOG_COMPILER_APPICON_NAME = AppIcon;
				ASSETCATALOG_COMPILER_GLOBAL_ACCENT_COLOR_NAME = AccentColor;
				CODE_SIGN_STYLE = Automatic;
				CURRENT_PROJECT_VERSION = 1;
				DEVELOPMENT_TEAM = 2F2Y6667QA;
				GENERATE_INFOPLIST_FILE = YES;
				INFOPLIST_FILE = MapArtBook1610/Info.plist;
				INFOPLIST_KEY_UIApplicationSupportsIndirectInputEvents = YES;
				INFOPLIST_KEY_UILaunchStoryboardName = LaunchScreen;
				INFOPLIST_KEY_UIMainStoryboardFile = Main;
				INFOPLIST_KEY_UISupportedInterfaceOrientations_iPad = "UIInterfaceOrientationPortrait UIInterfaceOrientationPortraitUpsideDown UIInterfaceOrientationLandscapeLeft UIInterfaceOrientationLandscapeRight";
				INFOPLIST_KEY_UISupportedInterfaceOrientations_iPhone = "UIInterfaceOrientationPortrait UIInterfaceOrientationLandscapeLeft UIInterfaceOrientationLandscapeRight";
				LD_RUNPATH_SEARCH_PATHS = (
					"$(inherited)",
					"@executable_path/Frameworks",
				);
				MARKETING_VERSION = 1.0;
				PRODUCT_BUNDLE_IDENTIFIER = com.FirstUIKit.MapArtBook1610;
				PRODUCT_NAME = "$(TARGET_NAME)";
				SWIFT_EMIT_LOC_STRINGS = YES;
				SWIFT_VERSION = 5.0;
				TARGETED_DEVICE_FAMILY = "1,2";
			};
			name = Debug;
		};
		A551089A2ADCF72A00A95894 /* Release */ = {
			isa = XCBuildConfiguration;
			buildSettings = {
				ASSETCATALOG_COMPILER_APPICON_NAME = AppIcon;
				ASSETCATALOG_COMPILER_GLOBAL_ACCENT_COLOR_NAME = AccentColor;
				CODE_SIGN_STYLE = Automatic;
				CURRENT_PROJECT_VERSION = 1;
				DEVELOPMENT_TEAM = 2F2Y6667QA;
				GENERATE_INFOPLIST_FILE = YES;
				INFOPLIST_FILE = MapArtBook1610/Info.plist;
				INFOPLIST_KEY_UIApplicationSupportsIndirectInputEvents = YES;
				INFOPLIST_KEY_UILaunchStoryboardName = LaunchScreen;
				INFOPLIST_KEY_UIMainStoryboardFile = Main;
				INFOPLIST_KEY_UISupportedInterfaceOrientations_iPad = "UIInterfaceOrientationPortrait UIInterfaceOrientationPortraitUpsideDown UIInterfaceOrientationLandscapeLeft UIInterfaceOrientationLandscapeRight";
				INFOPLIST_KEY_UISupportedInterfaceOrientations_iPhone = "UIInterfaceOrientationPortrait UIInterfaceOrientationLandscapeLeft UIInterfaceOrientationLandscapeRight";
				LD_RUNPATH_SEARCH_PATHS = (
					"$(inherited)",
					"@executable_path/Frameworks",
				);
				MARKETING_VERSION = 1.0;
				PRODUCT_BUNDLE_IDENTIFIER = com.FirstUIKit.MapArtBook1610;
				PRODUCT_NAME = "$(TARGET_NAME)";
				SWIFT_EMIT_LOC_STRINGS = YES;
				SWIFT_VERSION = 5.0;
				TARGETED_DEVICE_FAMILY = "1,2";
			};
			name = Release;
		};
/* End XCBuildConfiguration section */

/* Begin XCConfigurationList section */
		A551087C2ADCF72800A95894 /* Build configuration list for PBXProject "MapArtBook1610" */ = {
			isa = XCConfigurationList;
			buildConfigurations = (
				A55108962ADCF72A00A95894 /* Debug */,
				A55108972ADCF72A00A95894 /* Release */,
			);
			defaultConfigurationIsVisible = 0;
			defaultConfigurationName = Release;
		};
		A55108982ADCF72A00A95894 /* Build configuration list for PBXNativeTarget "MapArtBook1610" */ = {
			isa = XCConfigurationList;
			buildConfigurations = (
				A55108992ADCF72A00A95894 /* Debug */,
				A551089A2ADCF72A00A95894 /* Release */,
			);
			defaultConfigurationIsVisible = 0;
			defaultConfigurationName = Release;
		};
/* End XCConfigurationList section */

/* Begin XCVersionGroup section */
		A551088D2ADCF72800A95894 /* MapArtBook1610.xcdatamodeld */ = {
			isa = XCVersionGroup;
			children = (
				A551088E2ADCF72800A95894 /* MapArtBook1610.xcdatamodel */,
			);
			currentVersion = A551088E2ADCF72800A95894 /* MapArtBook1610.xcdatamodel */;
			path = MapArtBook1610.xcdatamodeld;
			sourceTree = "<group>";
			versionGroupType = wrapper.xcdatamodel;
		};
/* End XCVersionGroup section */
	};
	rootObject = A55108792ADCF72800A95894 /* Project object */;
}
